
Microsoft Visual Studio Solution File, Format Version 12.00
# Visual Studio Version 16
VisualStudioVersion = 16.0.30804.86
MinimumVisualStudioVersion = 10.0.40219.1
Project("{FAE04EC0-301F-11D3-BF4B-00C04F79EFBC}") = "ImageSharePassword.Web", "ImageSharePassword.Web\ImageSharePassword.Web.csproj", "{03C481E9-1340-4083-B12F-4E9C377AADF6}"
EndProject
Project("{FAE04EC0-301F-11D3-BF4B-00C04F79EFBC}") = "ImageSharePassword.Data", "ImageSharePassword.Data\ImageSharePassword.Data.csproj", "{36F24BB9-0BC4-43BE-8DC7-5EDAE9D1B276}"
EndProject
Global
	GlobalSection(SolutionConfigurationPlatforms) = preSolution
		Debug|Any CPU = Debug|Any CPU
		Release|Any CPU = Release|Any CPU
	EndGlobalSection
	GlobalSection(ProjectConfigurationPlatforms) = postSolution
		{03C481E9-1340-4083-B12F-4E9C377AADF6}.Debug|Any CPU.ActiveCfg = Debug|Any CPU
		{03C481E9-1340-4083-B12F-4E9C377AADF6}.Debug|Any CPU.Build.0 = Debug|Any CPU
		{03C481E9-1340-4083-B12F-4E9C377AADF6}.Release|Any CPU.ActiveCfg = Release|Any CPU
		{03C481E9-1340-4083-B12F-4E9C377AADF6}.Release|Any CPU.Build.0 = Release|Any CPU
		{36F24BB9-0BC4-43BE-8DC7-5EDAE9D1B276}.Debug|Any CPU.ActiveCfg = Debug|Any CPU
		{36F24BB9-0BC4-43BE-8DC7-5EDAE9D1B276}.Debug|Any CPU.Build.0 = Debug|Any CPU
		{36F24BB9-0BC4-43BE-8DC7-5EDAE9D1B276}.Release|Any CPU.ActiveCfg = Release|Any CPU
		{36F24BB9-0BC4-43BE-8DC7-5EDAE9D1B276}.Release|Any CPU.Build.0 = Release|Any CPU
	EndGlobalSection
	GlobalSection(SolutionProperties) = preSolution
		HideSolutionNode = FALSE
	EndGlobalSection
	GlobalSection(ExtensibilityGlobals) = postSolution
		SolutionGuid = {C4AE84C8-632F-454E-AEAD-B9788FDF2029}
	EndGlobalSection
EndGlobal
